
Microsoft Visual Studio Solution File, Format Version 12.00
# Visual Studio Version 16
VisualStudioVersion = 16.0.31105.61
MinimumVisualStudioVersion = 10.0.40219.1
Project("{9A19103F-16F7-4668-BE54-9A1E7A4F7556}") = "TodoApi", "TodoApi.csproj", "{196B8015-DB40-4C15-A5C8-FE106121E8B8}"
EndProject
Global
	GlobalSection(SolutionConfigurationPlatforms) = preSolution
		Debug|Any CPU = Debug|Any CPU
		Release|Any CPU = Release|Any CPU
	EndGlobalSection
	GlobalSection(ProjectConfigurationPlatforms) = postSolution
		{196B8015-DB40-4C15-A5C8-FE106121E8B8}.Debug|Any CPU.ActiveCfg = Debug|Any CPU
		{196B8015-DB40-4C15-A5C8-FE106121E8B8}.Debug|Any CPU.Build.0 = Debug|Any CPU
		{196B8015-DB40-4C15-A5C8-FE106121E8B8}.Release|Any CPU.ActiveCfg = Release|Any CPU
		{196B8015-DB40-4C15-A5C8-FE106121E8B8}.Release|Any CPU.Build.0 = Release|Any CPU
	EndGlobalSection
	GlobalSection(SolutionProperties) = preSolution
		HideSolutionNode = FALSE
	EndGlobalSection
	GlobalSection(ExtensibilityGlobals) = postSolution
		SolutionGuid = {28F59C27-F7F7-4A13-947C-2EFA7FCAC51F}
	EndGlobalSection
EndGlobal
